
Microsoft Visual Studio Solution File, Format Version 12.00
# Visual Studio Version 16
VisualStudioVersion = 16.0.30114.105
MinimumVisualStudioVersion = 10.0.40219.1
Project("{2150E333-8FDC-42A3-9474-1A3956D46DE8}") = "src", "src", "{99E84EAC-626A-443B-89A1-247DEF6ACFCF}"
EndProject
Project("{2150E333-8FDC-42A3-9474-1A3956D46DE8}") = "Services", "Services", "{003C1EA2-FB06-4126-9783-5F952736CE7D}"
EndProject
Project("{FAE04EC0-301F-11D3-BF4B-00C04F79EFBC}") = "Catalog.API", "src\Services\Catalog.API\Catalog.API.csproj", "{5253AF33-B345-4369-9B74-5BF706A9EED5}"
EndProject
Project("{2150E333-8FDC-42A3-9474-1A3956D46DE8}") = "Frameworks", "Frameworks", "{DD7F261C-4D6B-41AD-A2AA-CDBAF8DFC2FB}"
EndProject
Project("{FAE04EC0-301F-11D3-BF4B-00C04F79EFBC}") = "Specifications", "src\Frameworks\Specifications\Specifications.csproj", "{ED935A7F-172F-4906-B602-9A2D14BCD09F}"
EndProject
Project("{FAE04EC0-301F-11D3-BF4B-00C04F79EFBC}") = "Repositories", "src\Frameworks\Repositories\Repositories.csproj", "{16C6BA38-17AD-426A-B6CD-1EC7A905AB2C}"
EndProject
Project("{FAE04EC0-301F-11D3-BF4B-00C04F79EFBC}") = "Functional", "src\Frameworks\Functional\Functional.csproj", "{A8318F11-05FF-4D26-B5BF-C89DDC8FC583}"
EndProject
Project("{2150E333-8FDC-42A3-9474-1A3956D46DE8}") = "tests", "tests", "{278E8F15-016E-4725-B9B5-8F6CAD81037D}"
EndProject
Project("{2150E333-8FDC-42A3-9474-1A3956D46DE8}") = "Frameworks", "Frameworks", "{C2EB4A54-B7C0-4EE1-A72F-C6E70B6467F6}"
EndProject
Project("{FAE04EC0-301F-11D3-BF4B-00C04F79EFBC}") = "FunctionalTest", "tests\Frameworks\FunctionalTest\FunctionalTest.csproj", "{48B15058-B052-44A6-98EE-8C54DF66E6C5}"
EndProject
Project("{FAE04EC0-301F-11D3-BF4B-00C04F79EFBC}") = "RepositoriesTest", "tests\Frameworks\RepositoriesTest\RepositoriesTest.csproj", "{6F4201DC-3C67-4788-B709-6D6B53B3363F}"
EndProject
Global
	GlobalSection(SolutionConfigurationPlatforms) = preSolution
		Debug|Any CPU = Debug|Any CPU
		Release|Any CPU = Release|Any CPU
	EndGlobalSection
	GlobalSection(SolutionProperties) = preSolution
		HideSolutionNode = FALSE
	EndGlobalSection
	GlobalSection(ProjectConfigurationPlatforms) = postSolution
		{5253AF33-B345-4369-9B74-5BF706A9EED5}.Debug|Any CPU.ActiveCfg = Debug|Any CPU
		{5253AF33-B345-4369-9B74-5BF706A9EED5}.Debug|Any CPU.Build.0 = Debug|Any CPU
		{5253AF33-B345-4369-9B74-5BF706A9EED5}.Release|Any CPU.ActiveCfg = Release|Any CPU
		{5253AF33-B345-4369-9B74-5BF706A9EED5}.Release|Any CPU.Build.0 = Release|Any CPU
		{ED935A7F-172F-4906-B602-9A2D14BCD09F}.Debug|Any CPU.ActiveCfg = Debug|Any CPU
		{ED935A7F-172F-4906-B602-9A2D14BCD09F}.Debug|Any CPU.Build.0 = Debug|Any CPU
		{ED935A7F-172F-4906-B602-9A2D14BCD09F}.Release|Any CPU.ActiveCfg = Release|Any CPU
		{ED935A7F-172F-4906-B602-9A2D14BCD09F}.Release|Any CPU.Build.0 = Release|Any CPU
		{16C6BA38-17AD-426A-B6CD-1EC7A905AB2C}.Debug|Any CPU.ActiveCfg = Debug|Any CPU
		{16C6BA38-17AD-426A-B6CD-1EC7A905AB2C}.Debug|Any CPU.Build.0 = Debug|Any CPU
		{16C6BA38-17AD-426A-B6CD-1EC7A905AB2C}.Release|Any CPU.ActiveCfg = Release|Any CPU
		{16C6BA38-17AD-426A-B6CD-1EC7A905AB2C}.Release|Any CPU.Build.0 = Release|Any CPU
		{A8318F11-05FF-4D26-B5BF-C89DDC8FC583}.Debug|Any CPU.ActiveCfg = Debug|Any CPU
		{A8318F11-05FF-4D26-B5BF-C89DDC8FC583}.Debug|Any CPU.Build.0 = Debug|Any CPU
		{A8318F11-05FF-4D26-B5BF-C89DDC8FC583}.Release|Any CPU.ActiveCfg = Release|Any CPU
		{A8318F11-05FF-4D26-B5BF-C89DDC8FC583}.Release|Any CPU.Build.0 = Release|Any CPU
		{48B15058-B052-44A6-98EE-8C54DF66E6C5}.Debug|Any CPU.ActiveCfg = Debug|Any CPU
		{48B15058-B052-44A6-98EE-8C54DF66E6C5}.Debug|Any CPU.Build.0 = Debug|Any CPU
		{48B15058-B052-44A6-98EE-8C54DF66E6C5}.Release|Any CPU.ActiveCfg = Release|Any CPU
		{48B15058-B052-44A6-98EE-8C54DF66E6C5}.Release|Any CPU.Build.0 = Release|Any CPU
		{6F4201DC-3C67-4788-B709-6D6B53B3363F}.Debug|Any CPU.ActiveCfg = Debug|Any CPU
		{6F4201DC-3C67-4788-B709-6D6B53B3363F}.Debug|Any CPU.Build.0 = Debug|Any CPU
		{6F4201DC-3C67-4788-B709-6D6B53B3363F}.Release|Any CPU.ActiveCfg = Release|Any CPU
		{6F4201DC-3C67-4788-B709-6D6B53B3363F}.Release|Any CPU.Build.0 = Release|Any CPU
	EndGlobalSection
	GlobalSection(NestedProjects) = preSolution
		{003C1EA2-FB06-4126-9783-5F952736CE7D} = {99E84EAC-626A-443B-89A1-247DEF6ACFCF}
		{5253AF33-B345-4369-9B74-5BF706A9EED5} = {003C1EA2-FB06-4126-9783-5F952736CE7D}
		{DD7F261C-4D6B-41AD-A2AA-CDBAF8DFC2FB} = {99E84EAC-626A-443B-89A1-247DEF6ACFCF}
		{ED935A7F-172F-4906-B602-9A2D14BCD09F} = {DD7F261C-4D6B-41AD-A2AA-CDBAF8DFC2FB}
		{16C6BA38-17AD-426A-B6CD-1EC7A905AB2C} = {DD7F261C-4D6B-41AD-A2AA-CDBAF8DFC2FB}
		{A8318F11-05FF-4D26-B5BF-C89DDC8FC583} = {DD7F261C-4D6B-41AD-A2AA-CDBAF8DFC2FB}
		{C2EB4A54-B7C0-4EE1-A72F-C6E70B6467F6} = {278E8F15-016E-4725-B9B5-8F6CAD81037D}
		{48B15058-B052-44A6-98EE-8C54DF66E6C5} = {C2EB4A54-B7C0-4EE1-A72F-C6E70B6467F6}
		{6F4201DC-3C67-4788-B709-6D6B53B3363F} = {C2EB4A54-B7C0-4EE1-A72F-C6E70B6467F6}
	EndGlobalSection
EndGlobal
