
Microsoft Visual Studio Solution File, Format Version 12.00
# Visual Studio Version 16
VisualStudioVersion = 16.0.30114.105
MinimumVisualStudioVersion = 10.0.40219.1
Project("{2150E333-8FDC-42A3-9474-1A3956D46DE8}") = "src", "src", "{99E84EAC-626A-443B-89A1-247DEF6ACFCF}"
EndProject
Project("{2150E333-8FDC-42A3-9474-1A3956D46DE8}") = "Frameworks", "Frameworks", "{DD7F261C-4D6B-41AD-A2AA-CDBAF8DFC2FB}"
EndProject
Project("{FAE04EC0-301F-11D3-BF4B-00C04F79EFBC}") = "Specifications", "src\Frameworks\Specifications\Specifications.csproj", "{ED935A7F-172F-4906-B602-9A2D14BCD09F}"
EndProject
Project("{FAE04EC0-301F-11D3-BF4B-00C04F79EFBC}") = "Repositories", "src\Frameworks\Repositories\Repositories.csproj", "{16C6BA38-17AD-426A-B6CD-1EC7A905AB2C}"
EndProject
Project("{FAE04EC0-301F-11D3-BF4B-00C04F79EFBC}") = "Functional", "src\Frameworks\Functional\Functional.csproj", "{A8318F11-05FF-4D26-B5BF-C89DDC8FC583}"
EndProject
Project("{2150E333-8FDC-42A3-9474-1A3956D46DE8}") = "tests", "tests", "{278E8F15-016E-4725-B9B5-8F6CAD81037D}"
EndProject
Project("{2150E333-8FDC-42A3-9474-1A3956D46DE8}") = "Frameworks", "Frameworks", "{C2EB4A54-B7C0-4EE1-A72F-C6E70B6467F6}"
EndProject
Project("{FAE04EC0-301F-11D3-BF4B-00C04F79EFBC}") = "FunctionalTest", "tests\Frameworks\FunctionalTest\FunctionalTest.csproj", "{48B15058-B052-44A6-98EE-8C54DF66E6C5}"
EndProject
Project("{FAE04EC0-301F-11D3-BF4B-00C04F79EFBC}") = "RepositoriesTest", "tests\Frameworks\RepositoriesTest\RepositoriesTest.csproj", "{6F4201DC-3C67-4788-B709-6D6B53B3363F}"
EndProject
Project("{2150E333-8FDC-42A3-9474-1A3956D46DE8}") = "Services", "Services", "{4FDF95AB-6D60-44E8-BDEC-1FE86346150E}"
EndProject
Project("{2150E333-8FDC-42A3-9474-1A3956D46DE8}") = "Catalog", "Catalog", "{858C05E7-B56D-4C32-9580-05711D7C358F}"
EndProject
Project("{FAE04EC0-301F-11D3-BF4B-00C04F79EFBC}") = "Catalog.API", "src\Services\Catalog\Catalog.API\Catalog.API.csproj", "{DCA2BEB9-1034-4794-9B49-3331198B14CF}"
EndProject
Project("{2150E333-8FDC-42A3-9474-1A3956D46DE8}") = "Basket", "Basket", "{653B8A31-806E-449B-AF29-707EB2494E4C}"
EndProject
Project("{FAE04EC0-301F-11D3-BF4B-00C04F79EFBC}") = "Basket.API", "src\Services\Basket\Basket.API\Basket.API.csproj", "{7A3E82FC-FD71-4E85-8F4E-D78E83B8481A}"
EndProject
Project("{2150E333-8FDC-42A3-9474-1A3956D46DE8}") = "Payment", "Payment", "{CEF90854-ABC7-4FF4-8699-CB730AD7EE93}"
EndProject
Project("{FAE04EC0-301F-11D3-BF4B-00C04F79EFBC}") = "Payment.API", "src\Services\Payment\Payment.API\Payment.API.csproj", "{F85A2D8C-1375-40BA-8A6D-8D93D1C25C82}"
EndProject
Project("{2150E333-8FDC-42A3-9474-1A3956D46DE8}") = "Ordering", "Ordering", "{F5341C42-F040-4ACB-BF32-22F51484A71E}"
EndProject
Project("{FAE04EC0-301F-11D3-BF4B-00C04F79EFBC}") = "Ordering.API", "src\Services\Ordering\Ordering.API\Ordering.API.csproj", "{DC58485B-F5B9-4BC4-B7D6-8310661C09B5}"
EndProject
Project("{FAE04EC0-301F-11D3-BF4B-00C04F79EFBC}") = "Ordering.Domain", "src\Services\Ordering\Ordering.Domain\Ordering.Domain.csproj", "{59141DA5-F1E9-4A7B-B776-91B8CF5D4770}"
EndProject
Project("{FAE04EC0-301F-11D3-BF4B-00C04F79EFBC}") = "Ordering.Application", "src\Services\Ordering\Ordering.Application\Ordering.Application.csproj", "{59A05311-FDDE-432A-92A0-6973505C9EF5}"
EndProject
Project("{FAE04EC0-301F-11D3-BF4B-00C04F79EFBC}") = "Ordering.Infrastructure", "src\Services\Ordering\Ordering.Infrastructure\Ordering.Infrastructure.csproj", "{2E032FFE-BA9E-45A5-AE7F-E32E34E9662B}"
EndProject
Project("{FAE04EC0-301F-11D3-BF4B-00C04F79EFBC}") = "DDD", "src\Frameworks\DDD\DDD.csproj", "{354F541A-91EB-483F-8FE5-29C6DF188AB1}"
EndProject
Project("{FAE04EC0-301F-11D3-BF4B-00C04F79EFBC}") = "Payment.Domain", "src\Services\Payment\Payment.Domain\Payment.Domain.csproj", "{671902E7-A9D7-4C18-ADF7-4211DD2BD4D7}"
EndProject
Project("{FAE04EC0-301F-11D3-BF4B-00C04F79EFBC}") = "Payment.Application", "src\Services\Payment\Payment.Application\Payment.Application.csproj", "{B9C572B4-ACA9-493B-83A3-7BF68422CE3E}"
EndProject
Project("{FAE04EC0-301F-11D3-BF4B-00C04F79EFBC}") = "Payment.Infrastructure", "src\Services\Payment\Payment.Infrastructure\Payment.Infrastructure.csproj", "{BE498613-EEAB-4ED9-90AE-A7B04FDE7917}"
EndProject
Project("{2150E333-8FDC-42A3-9474-1A3956D46DE8}") = "Clients", "Clients", "{B2C9AEDA-9C07-44E7-BAFA-974D28F80E03}"
EndProject
Project("{FAE04EC0-301F-11D3-BF4B-00C04F79EFBC}") = "Web", "src\Clients\Web\Web.csproj", "{7F3793A0-F53E-4DFF-AD27-E935343B4844}"
EndProject
Global
	GlobalSection(SolutionConfigurationPlatforms) = preSolution
		Debug|Any CPU = Debug|Any CPU
		Release|Any CPU = Release|Any CPU
	EndGlobalSection
	GlobalSection(SolutionProperties) = preSolution
		HideSolutionNode = FALSE
	EndGlobalSection
	GlobalSection(ProjectConfigurationPlatforms) = postSolution
		{ED935A7F-172F-4906-B602-9A2D14BCD09F}.Debug|Any CPU.ActiveCfg = Debug|Any CPU
		{ED935A7F-172F-4906-B602-9A2D14BCD09F}.Debug|Any CPU.Build.0 = Debug|Any CPU
		{ED935A7F-172F-4906-B602-9A2D14BCD09F}.Release|Any CPU.ActiveCfg = Release|Any CPU
		{ED935A7F-172F-4906-B602-9A2D14BCD09F}.Release|Any CPU.Build.0 = Release|Any CPU
		{16C6BA38-17AD-426A-B6CD-1EC7A905AB2C}.Debug|Any CPU.ActiveCfg = Debug|Any CPU
		{16C6BA38-17AD-426A-B6CD-1EC7A905AB2C}.Debug|Any CPU.Build.0 = Debug|Any CPU
		{16C6BA38-17AD-426A-B6CD-1EC7A905AB2C}.Release|Any CPU.ActiveCfg = Release|Any CPU
		{16C6BA38-17AD-426A-B6CD-1EC7A905AB2C}.Release|Any CPU.Build.0 = Release|Any CPU
		{A8318F11-05FF-4D26-B5BF-C89DDC8FC583}.Debug|Any CPU.ActiveCfg = Debug|Any CPU
		{A8318F11-05FF-4D26-B5BF-C89DDC8FC583}.Debug|Any CPU.Build.0 = Debug|Any CPU
		{A8318F11-05FF-4D26-B5BF-C89DDC8FC583}.Release|Any CPU.ActiveCfg = Release|Any CPU
		{A8318F11-05FF-4D26-B5BF-C89DDC8FC583}.Release|Any CPU.Build.0 = Release|Any CPU
		{48B15058-B052-44A6-98EE-8C54DF66E6C5}.Debug|Any CPU.ActiveCfg = Debug|Any CPU
		{48B15058-B052-44A6-98EE-8C54DF66E6C5}.Debug|Any CPU.Build.0 = Debug|Any CPU
		{48B15058-B052-44A6-98EE-8C54DF66E6C5}.Release|Any CPU.ActiveCfg = Release|Any CPU
		{48B15058-B052-44A6-98EE-8C54DF66E6C5}.Release|Any CPU.Build.0 = Release|Any CPU
		{6F4201DC-3C67-4788-B709-6D6B53B3363F}.Debug|Any CPU.ActiveCfg = Debug|Any CPU
		{6F4201DC-3C67-4788-B709-6D6B53B3363F}.Debug|Any CPU.Build.0 = Debug|Any CPU
		{6F4201DC-3C67-4788-B709-6D6B53B3363F}.Release|Any CPU.ActiveCfg = Release|Any CPU
		{6F4201DC-3C67-4788-B709-6D6B53B3363F}.Release|Any CPU.Build.0 = Release|Any CPU
		{DCA2BEB9-1034-4794-9B49-3331198B14CF}.Debug|Any CPU.ActiveCfg = Debug|Any CPU
		{DCA2BEB9-1034-4794-9B49-3331198B14CF}.Debug|Any CPU.Build.0 = Debug|Any CPU
		{DCA2BEB9-1034-4794-9B49-3331198B14CF}.Release|Any CPU.ActiveCfg = Release|Any CPU
		{DCA2BEB9-1034-4794-9B49-3331198B14CF}.Release|Any CPU.Build.0 = Release|Any CPU
		{7A3E82FC-FD71-4E85-8F4E-D78E83B8481A}.Debug|Any CPU.ActiveCfg = Debug|Any CPU
		{7A3E82FC-FD71-4E85-8F4E-D78E83B8481A}.Debug|Any CPU.Build.0 = Debug|Any CPU
		{7A3E82FC-FD71-4E85-8F4E-D78E83B8481A}.Release|Any CPU.ActiveCfg = Release|Any CPU
		{7A3E82FC-FD71-4E85-8F4E-D78E83B8481A}.Release|Any CPU.Build.0 = Release|Any CPU
		{F85A2D8C-1375-40BA-8A6D-8D93D1C25C82}.Debug|Any CPU.ActiveCfg = Debug|Any CPU
		{F85A2D8C-1375-40BA-8A6D-8D93D1C25C82}.Debug|Any CPU.Build.0 = Debug|Any CPU
		{F85A2D8C-1375-40BA-8A6D-8D93D1C25C82}.Release|Any CPU.ActiveCfg = Release|Any CPU
		{F85A2D8C-1375-40BA-8A6D-8D93D1C25C82}.Release|Any CPU.Build.0 = Release|Any CPU
		{DC58485B-F5B9-4BC4-B7D6-8310661C09B5}.Debug|Any CPU.ActiveCfg = Debug|Any CPU
		{DC58485B-F5B9-4BC4-B7D6-8310661C09B5}.Debug|Any CPU.Build.0 = Debug|Any CPU
		{DC58485B-F5B9-4BC4-B7D6-8310661C09B5}.Release|Any CPU.ActiveCfg = Release|Any CPU
		{DC58485B-F5B9-4BC4-B7D6-8310661C09B5}.Release|Any CPU.Build.0 = Release|Any CPU
		{59141DA5-F1E9-4A7B-B776-91B8CF5D4770}.Debug|Any CPU.ActiveCfg = Debug|Any CPU
		{59141DA5-F1E9-4A7B-B776-91B8CF5D4770}.Debug|Any CPU.Build.0 = Debug|Any CPU
		{59141DA5-F1E9-4A7B-B776-91B8CF5D4770}.Release|Any CPU.ActiveCfg = Release|Any CPU
		{59141DA5-F1E9-4A7B-B776-91B8CF5D4770}.Release|Any CPU.Build.0 = Release|Any CPU
		{59A05311-FDDE-432A-92A0-6973505C9EF5}.Debug|Any CPU.ActiveCfg = Debug|Any CPU
		{59A05311-FDDE-432A-92A0-6973505C9EF5}.Debug|Any CPU.Build.0 = Debug|Any CPU
		{59A05311-FDDE-432A-92A0-6973505C9EF5}.Release|Any CPU.ActiveCfg = Release|Any CPU
		{59A05311-FDDE-432A-92A0-6973505C9EF5}.Release|Any CPU.Build.0 = Release|Any CPU
		{2E032FFE-BA9E-45A5-AE7F-E32E34E9662B}.Debug|Any CPU.ActiveCfg = Debug|Any CPU
		{2E032FFE-BA9E-45A5-AE7F-E32E34E9662B}.Debug|Any CPU.Build.0 = Debug|Any CPU
		{2E032FFE-BA9E-45A5-AE7F-E32E34E9662B}.Release|Any CPU.ActiveCfg = Release|Any CPU
		{2E032FFE-BA9E-45A5-AE7F-E32E34E9662B}.Release|Any CPU.Build.0 = Release|Any CPU
		{354F541A-91EB-483F-8FE5-29C6DF188AB1}.Debug|Any CPU.ActiveCfg = Debug|Any CPU
		{354F541A-91EB-483F-8FE5-29C6DF188AB1}.Debug|Any CPU.Build.0 = Debug|Any CPU
		{354F541A-91EB-483F-8FE5-29C6DF188AB1}.Release|Any CPU.ActiveCfg = Release|Any CPU
		{354F541A-91EB-483F-8FE5-29C6DF188AB1}.Release|Any CPU.Build.0 = Release|Any CPU
		{671902E7-A9D7-4C18-ADF7-4211DD2BD4D7}.Debug|Any CPU.ActiveCfg = Debug|Any CPU
		{671902E7-A9D7-4C18-ADF7-4211DD2BD4D7}.Debug|Any CPU.Build.0 = Debug|Any CPU
		{671902E7-A9D7-4C18-ADF7-4211DD2BD4D7}.Release|Any CPU.ActiveCfg = Release|Any CPU
		{671902E7-A9D7-4C18-ADF7-4211DD2BD4D7}.Release|Any CPU.Build.0 = Release|Any CPU
		{B9C572B4-ACA9-493B-83A3-7BF68422CE3E}.Debug|Any CPU.ActiveCfg = Debug|Any CPU
		{B9C572B4-ACA9-493B-83A3-7BF68422CE3E}.Debug|Any CPU.Build.0 = Debug|Any CPU
		{B9C572B4-ACA9-493B-83A3-7BF68422CE3E}.Release|Any CPU.ActiveCfg = Release|Any CPU
		{B9C572B4-ACA9-493B-83A3-7BF68422CE3E}.Release|Any CPU.Build.0 = Release|Any CPU
		{BE498613-EEAB-4ED9-90AE-A7B04FDE7917}.Debug|Any CPU.ActiveCfg = Debug|Any CPU
		{BE498613-EEAB-4ED9-90AE-A7B04FDE7917}.Debug|Any CPU.Build.0 = Debug|Any CPU
		{BE498613-EEAB-4ED9-90AE-A7B04FDE7917}.Release|Any CPU.ActiveCfg = Release|Any CPU
		{BE498613-EEAB-4ED9-90AE-A7B04FDE7917}.Release|Any CPU.Build.0 = Release|Any CPU
		{7F3793A0-F53E-4DFF-AD27-E935343B4844}.Debug|Any CPU.ActiveCfg = Debug|Any CPU
		{7F3793A0-F53E-4DFF-AD27-E935343B4844}.Debug|Any CPU.Build.0 = Debug|Any CPU
		{7F3793A0-F53E-4DFF-AD27-E935343B4844}.Release|Any CPU.ActiveCfg = Release|Any CPU
		{7F3793A0-F53E-4DFF-AD27-E935343B4844}.Release|Any CPU.Build.0 = Release|Any CPU
	EndGlobalSection
	GlobalSection(NestedProjects) = preSolution
		{DD7F261C-4D6B-41AD-A2AA-CDBAF8DFC2FB} = {99E84EAC-626A-443B-89A1-247DEF6ACFCF}
		{ED935A7F-172F-4906-B602-9A2D14BCD09F} = {DD7F261C-4D6B-41AD-A2AA-CDBAF8DFC2FB}
		{16C6BA38-17AD-426A-B6CD-1EC7A905AB2C} = {DD7F261C-4D6B-41AD-A2AA-CDBAF8DFC2FB}
		{A8318F11-05FF-4D26-B5BF-C89DDC8FC583} = {DD7F261C-4D6B-41AD-A2AA-CDBAF8DFC2FB}
		{C2EB4A54-B7C0-4EE1-A72F-C6E70B6467F6} = {278E8F15-016E-4725-B9B5-8F6CAD81037D}
		{48B15058-B052-44A6-98EE-8C54DF66E6C5} = {C2EB4A54-B7C0-4EE1-A72F-C6E70B6467F6}
		{6F4201DC-3C67-4788-B709-6D6B53B3363F} = {C2EB4A54-B7C0-4EE1-A72F-C6E70B6467F6}
		{4FDF95AB-6D60-44E8-BDEC-1FE86346150E} = {99E84EAC-626A-443B-89A1-247DEF6ACFCF}
		{858C05E7-B56D-4C32-9580-05711D7C358F} = {4FDF95AB-6D60-44E8-BDEC-1FE86346150E}
		{DCA2BEB9-1034-4794-9B49-3331198B14CF} = {858C05E7-B56D-4C32-9580-05711D7C358F}
		{653B8A31-806E-449B-AF29-707EB2494E4C} = {4FDF95AB-6D60-44E8-BDEC-1FE86346150E}
		{7A3E82FC-FD71-4E85-8F4E-D78E83B8481A} = {653B8A31-806E-449B-AF29-707EB2494E4C}
		{CEF90854-ABC7-4FF4-8699-CB730AD7EE93} = {4FDF95AB-6D60-44E8-BDEC-1FE86346150E}
		{F85A2D8C-1375-40BA-8A6D-8D93D1C25C82} = {CEF90854-ABC7-4FF4-8699-CB730AD7EE93}
		{F5341C42-F040-4ACB-BF32-22F51484A71E} = {4FDF95AB-6D60-44E8-BDEC-1FE86346150E}
		{DC58485B-F5B9-4BC4-B7D6-8310661C09B5} = {F5341C42-F040-4ACB-BF32-22F51484A71E}
		{59141DA5-F1E9-4A7B-B776-91B8CF5D4770} = {F5341C42-F040-4ACB-BF32-22F51484A71E}
		{59A05311-FDDE-432A-92A0-6973505C9EF5} = {F5341C42-F040-4ACB-BF32-22F51484A71E}
		{2E032FFE-BA9E-45A5-AE7F-E32E34E9662B} = {F5341C42-F040-4ACB-BF32-22F51484A71E}
		{354F541A-91EB-483F-8FE5-29C6DF188AB1} = {DD7F261C-4D6B-41AD-A2AA-CDBAF8DFC2FB}
		{671902E7-A9D7-4C18-ADF7-4211DD2BD4D7} = {CEF90854-ABC7-4FF4-8699-CB730AD7EE93}
		{B9C572B4-ACA9-493B-83A3-7BF68422CE3E} = {CEF90854-ABC7-4FF4-8699-CB730AD7EE93}
		{BE498613-EEAB-4ED9-90AE-A7B04FDE7917} = {CEF90854-ABC7-4FF4-8699-CB730AD7EE93}
		{B2C9AEDA-9C07-44E7-BAFA-974D28F80E03} = {99E84EAC-626A-443B-89A1-247DEF6ACFCF}
		{7F3793A0-F53E-4DFF-AD27-E935343B4844} = {B2C9AEDA-9C07-44E7-BAFA-974D28F80E03}
	EndGlobalSection
EndGlobal
